// !$*UTF8*$!
{
	archiveVersion = 1;
	classes = {
	};
	objectVersion = 48;
	objects = {

/* Begin PBXBuildFile section */
		4CA1D2901FA3CBAD00A4CC30 /* AppDelegate.swift in Sources */ = {isa = PBXBuildFile; fileRef = 4CA1D28F1FA3CBAD00A4CC30 /* AppDelegate.swift */; };
		4CA1D2921FA3CBAD00A4CC30 /* ViewController.swift in Sources */ = {isa = PBXBuildFile; fileRef = 4CA1D2911FA3CBAD00A4CC30 /* ViewController.swift */; };
		4CA1D2951FA3CBAD00A4CC30 /* Main.storyboard in Resources */ = {isa = PBXBuildFile; fileRef = 4CA1D2931FA3CBAD00A4CC30 /* Main.storyboard */; };
		4CA1D2981FA3CBAD00A4CC30 /* PlaySounds.xcdatamodeld in Sources */ = {isa = PBXBuildFile; fileRef = 4CA1D2961FA3CBAD00A4CC30 /* PlaySounds.xcdatamodeld */; };
		4CA1D29A1FA3CBAD00A4CC30 /* Assets.xcassets in Resources */ = {isa = PBXBuildFile; fileRef = 4CA1D2991FA3CBAD00A4CC30 /* Assets.xcassets */; };
		4CA1D29D1FA3CBAD00A4CC30 /* LaunchScreen.storyboard in Resources */ = {isa = PBXBuildFile; fileRef = 4CA1D29B1FA3CBAD00A4CC30 /* LaunchScreen.storyboard */; };
/* End PBXBuildFile section */

/* Begin PBXFileReference section */
		4CA1D28C1FA3CBAD00A4CC30 /* PlaySounds.app */ = {isa = PBXFileReference; explicitFileType = wrapper.application; includeInIndex = 0; path = PlaySounds.app; sourceTree = BUILT_PRODUCTS_DIR; };
		4CA1D28F1FA3CBAD00A4CC30 /* AppDelegate.swift */ = {isa = PBXFileReference; lastKnownFileType = sourcecode.swift; path = AppDelegate.swift; sourceTree = "<group>"; };
		4CA1D2911FA3CBAD00A4CC30 /* ViewController.swift */ = {isa = PBXFileReference; lastKnownFileType = sourcecode.swift; path = ViewController.swift; sourceTree = "<group>"; };
		4CA1D2941FA3CBAD00A4CC30 /* Base */ = {isa = PBXFileReference; lastKnownFileType = file.storyboard; name = Base; path = Base.lproj/Main.storyboard; sourceTree = "<group>"; };
		4CA1D2971FA3CBAD00A4CC30 /* PlaySounds.xcdatamodel */ = {isa = PBXFileReference; lastKnownFileType = wrapper.xcdatamodel; path = PlaySounds.xcdatamodel; sourceTree = "<group>"; };
		4CA1D2991FA3CBAD00A4CC30 /* Assets.xcassets */ = {isa = PBXFileReference; lastKnownFileType = folder.assetcatalog; path = Assets.xcassets; sourceTree = "<group>"; };
		4CA1D29C1FA3CBAD00A4CC30 /* Base */ = {isa = PBXFileReference; lastKnownFileType = file.storyboard; name = Base; path = Base.lproj/LaunchScreen.storyboard; sourceTree = "<group>"; };
		4CA1D29E1FA3CBAD00A4CC30 /* Info.plist */ = {isa = PBXFileReference; lastKnownFileType = text.plist.xml; path = Info.plist; sourceTree = "<group>"; };
/* End PBXFileReference section */

/* Begin PBXFrameworksBuildPhase section */
		4CA1D2891FA3CBAD00A4CC30 /* Frameworks */ = {
			isa = PBXFrameworksBuildPhase;
			buildActionMask = 2147483647;
			files = (
			);
			runOnlyForDeploymentPostprocessing = 0;
		};
/* End PBXFrameworksBuildPhase section */

/* Begin PBXGroup section */
		4CA1D2831FA3CBAD00A4CC30 = {
			isa = PBXGroup;
			children = (
				4CA1D28E1FA3CBAD00A4CC30 /* PlaySounds */,
				4CA1D28D1FA3CBAD00A4CC30 /* Products */,
			);
			sourceTree = "<group>";
		};
		4CA1D28D1FA3CBAD00A4CC30 /* Products */ = {
			isa = PBXGroup;
			children = (
				4CA1D28C1FA3CBAD00A4CC30 /* PlaySounds.app */,
			);
			name = Products;
			sourceTree = "<group>";
		};
		4CA1D28E1FA3CBAD00A4CC30 /* PlaySounds */ = {
			isa = PBXGroup;
			children = (
				4CA1D28F1FA3CBAD00A4CC30 /* AppDelegate.swift */,
				4CA1D2911FA3CBAD00A4CC30 /* ViewController.swift */,
				4CA1D2931FA3CBAD00A4CC30 /* Main.storyboard */,
				4CA1D2991FA3CBAD00A4CC30 /* Assets.xcassets */,
				4CA1D29B1FA3CBAD00A4CC30 /* LaunchScreen.storyboard */,
				4CA1D29E1FA3CBAD00A4CC30 /* Info.plist */,
				4CA1D2961FA3CBAD00A4CC30 /* PlaySounds.xcdatamodeld */,
			);
			path = PlaySounds;
			sourceTree = "<group>";
		};
/* End PBXGroup section */

/* Begin PBXNativeTarget section */
		4CA1D28B1FA3CBAD00A4CC30 /* PlaySounds */ = {
			isa = PBXNativeTarget;
			buildConfigurationList = 4CA1D2A11FA3CBAD00A4CC30 /* Build configuration list for PBXNativeTarget "PlaySounds" */;
			buildPhases = (
				4CA1D2881FA3CBAD00A4CC30 /* Sources */,
				4CA1D2891FA3CBAD00A4CC30 /* Frameworks */,
				4CA1D28A1FA3CBAD00A4CC30 /* Resources */,
			);
			buildRules = (
			);
			dependencies = (
			);
			name = PlaySounds;
			productName = PlaySounds;
			productReference = 4CA1D28C1FA3CBAD00A4CC30 /* PlaySounds.app */;
			productType = "com.apple.product-type.application";
		};
/* End PBXNativeTarget section */

/* Begin PBXProject section */
		4CA1D2841FA3CBAD00A4CC30 /* Project object */ = {
			isa = PBXProject;
			attributes = {
				LastSwiftUpdateCheck = 0900;
				LastUpgradeCheck = 0900;
				ORGANIZATIONNAME = ByteSlinger;
				TargetAttributes = {
					4CA1D28B1FA3CBAD00A4CC30 = {
						CreatedOnToolsVersion = 9.0.1;
						ProvisioningStyle = Automatic;
					};
				};
			};
			buildConfigurationList = 4CA1D2871FA3CBAD00A4CC30 /* Build configuration list for PBXProject "PlaySounds" */;
			compatibilityVersion = "Xcode 8.0";
			developmentRegion = en;
			hasScannedForEncodings = 0;
			knownRegions = (
				en,
				Base,
			);
			mainGroup = 4CA1D2831FA3CBAD00A4CC30;
			productRefGroup = 4CA1D28D1FA3CBAD00A4CC30 /* Products */;
			projectDirPath = "";
			projectRoot = "";
			targets = (
				4CA1D28B1FA3CBAD00A4CC30 /* PlaySounds */,
			);
		};
/* End PBXProject section */

/* Begin PBXResourcesBuildPhase section */
		4CA1D28A1FA3CBAD00A4CC30 /* Resources */ = {
			isa = PBXResourcesBuildPhase;
			buildActionMask = 2147483647;
			files = (
				4CA1D29D1FA3CBAD00A4CC30 /* LaunchScreen.storyboard in Resources */,
				4CA1D29A1FA3CBAD00A4CC30 /* Assets.xcassets in Resources */,
				4CA1D2951FA3CBAD00A4CC30 /* Main.storyboard in Resources */,
			);
			runOnlyForDeploymentPostprocessing = 0;
		};
/* End PBXResourcesBuildPhase section */

/* Begin PBXSourcesBuildPhase section */
		4CA1D2881FA3CBAD00A4CC30 /* Sources */ = {
			isa = PBXSourcesBuildPhase;
			buildActionMask = 2147483647;
			files = (
				4CA1D2981FA3CBAD00A4CC30 /* PlaySounds.xcdatamodeld in Sources */,
				4CA1D2921FA3CBAD00A4CC30 /* ViewController.swift in Sources */,
				4CA1D2901FA3CBAD00A4CC30 /* AppDelegate.swift in Sources */,
			);
			runOnlyForDeploymentPostprocessing = 0;
		};
/* End PBXSourcesBuildPhase section */

/* Begin PBXVariantGroup section */
		4CA1D2931FA3CBAD00A4CC30 /* Main.storyboard */ = {
			isa = PBXVariantGroup;
			children = (
				4CA1D2941FA3CBAD00A4CC30 /* Base */,
			);
			name = Main.storyboard;
			sourceTree = "<group>";
		};
		4CA1D29B1FA3CBAD00A4CC30 /* LaunchScreen.storyboard */ = {
			isa = PBXVariantGroup;
			children = (
				4CA1D29C1FA3CBAD00A4CC30 /* Base */,
			);
			name = LaunchScreen.storyboard;
			sourceTree = "<group>";
		};
/* End PBXVariantGroup section */

/* Begin XCBuildConfiguration section */
		4CA1D29F1FA3CBAD00A4CC30 /* Debug */ = {
			isa = XCBuildConfiguration;
			buildSettings = {
				ALWAYS_SEARCH_USER_PATHS = NO;
				CLANG_ANALYZER_NONNULL = YES;
				CLANG_ANALYZER_NUMBER_OBJECT_CONVERSION = YES_AGGRESSIVE;
				CLANG_CXX_LANGUAGE_STANDARD = "gnu++14";
				CLANG_CXX_LIBRARY = "libc++";
				CLANG_ENABLE_MODULES = YES;
				CLANG_ENABLE_OBJC_ARC = YES;
				CLANG_WARN_BLOCK_CAPTURE_AUTORELEASING = YES;
				CLANG_WARN_BOOL_CONVERSION = YES;
				CLANG_WARN_COMMA = YES;
				CLANG_WARN_CONSTANT_CONVERSION = YES;
				CLANG_WARN_DIRECT_OBJC_ISA_USAGE = YES_ERROR;
				CLANG_WARN_DOCUMENTATION_COMMENTS = YES;
				CLANG_WARN_EMPTY_BODY = YES;
				CLANG_WARN_ENUM_CONVERSION = YES;
				CLANG_WARN_INFINITE_RECURSION = YES;
				CLANG_WARN_INT_CONVERSION = YES;
				CLANG_WARN_NON_LITERAL_NULL_CONVERSION = YES;
				CLANG_WARN_OBJC_LITERAL_CONVERSION = YES;
				CLANG_WARN_OBJC_ROOT_CLASS = YES_ERROR;
				CLANG_WARN_RANGE_LOOP_ANALYSIS = YES;
				CLANG_WARN_STRICT_PROTOTYPES = YES;
				CLANG_WARN_SUSPICIOUS_MOVE = YES;
				CLANG_WARN_UNGUARDED_AVAILABILITY = YES_AGGRESSIVE;
				CLANG_WARN_UNREACHABLE_CODE = YES;
				CLANG_WARN__DUPLICATE_METHOD_MATCH = YES;
				CODE_SIGN_IDENTITY = "iPhone Developer";
				COPY_PHASE_STRIP = NO;
				DEBUG_INFORMATION_FORMAT = dwarf;
				ENABLE_STRICT_OBJC_MSGSEND = YES;
				ENABLE_TESTABILITY = YES;
				GCC_C_LANGUAGE_STANDARD = gnu11;
				GCC_DYNAMIC_NO_PIC = NO;
				GCC_NO_COMMON_BLOCKS = YES;
				GCC_OPTIMIZATION_LEVEL = 0;
				GCC_PREPROCESSOR_DEFINITIONS = (
					"DEBUG=1",
					"$(inherited)",
				);
				GCC_WARN_64_TO_32_BIT_CONVERSION = YES;
				GCC_WARN_ABOUT_RETURN_TYPE = YES_ERROR;
				GCC_WARN_UNDECLARED_SELECTOR = YES;
				GCC_WARN_UNINITIALIZED_AUTOS = YES_AGGRESSIVE;
				GCC_WARN_UNUSED_FUNCTION = YES;
				GCC_WARN_UNUSED_VARIABLE = YES;
				IPHONEOS_DEPLOYMENT_TARGET = 11.0;
				MTL_ENABLE_DEBUG_INFO = YES;
				ONLY_ACTIVE_ARCH = YES;
				SDKROOT = iphoneos;
				SWIFT_ACTIVE_COMPILATION_CONDITIONS = DEBUG;
				SWIFT_OPTIMIZATION_LEVEL = "-Onone";
			};
			name = Debug;
		};
		4CA1D2A01FA3CBAD00A4CC30 /* Release */ = {
			isa = XCBuildConfiguration;
			buildSettings = {
				ALWAYS_SEARCH_USER_PATHS = NO;
				CLANG_ANALYZER_NONNULL = YES;
				CLANG_ANALYZER_NUMBER_OBJECT_CONVERSION = YES_AGGRESSIVE;
				CLANG_CXX_LANGUAGE_STANDARD = "gnu++14";
				CLANG_CXX_LIBRARY = "libc++";
				CLANG_ENABLE_MODULES = YES;
				CLANG_ENABLE_OBJC_ARC = YES;
				CLANG_WARN_BLOCK_CAPTURE_AUTORELEASING = YES;
				CLANG_WARN_BOOL_CONVERSION = YES;
				CLANG_WARN_COMMA = YES;
				CLANG_WARN_CONSTANT_CONVERSION = YES;
				CLANG_WARN_DIRECT_OBJC_ISA_USAGE = YES_ERROR;
				CLANG_WARN_DOCUMENTATION_COMMENTS = YES;
				CLANG_WARN_EMPTY_BODY = YES;
				CLANG_WARN_ENUM_CONVERSION = YES;
				CLANG_WARN_INFINITE_RECURSION = YES;
				CLANG_WARN_INT_CONVERSION = YES;
				CLANG_WARN_NON_LITERAL_NULL_CONVERSION = YES;
				CLANG_WARN_OBJC_LITERAL_CONVERSION = YES;
				CLANG_WARN_OBJC_ROOT_CLASS = YES_ERROR;
				CLANG_WARN_RANGE_LOOP_ANALYSIS = YES;
				CLANG_WARN_STRICT_PROTOTYPES = YES;
				CLANG_WARN_SUSPICIOUS_MOVE = YES;
				CLANG_WARN_UNGUARDED_AVAILABILITY = YES_AGGRESSIVE;
				CLANG_WARN_UNREACHABLE_CODE = YES;
				CLANG_WARN__DUPLICATE_METHOD_MATCH = YES;
				CODE_SIGN_IDENTITY = "iPhone Developer";
				COPY_PHASE_STRIP = NO;
				DEBUG_INFORMATION_FORMAT = "dwarf-with-dsym";
				ENABLE_NS_ASSERTIONS = NO;
				ENABLE_STRICT_OBJC_MSGSEND = YES;
				GCC_C_LANGUAGE_STANDARD = gnu11;
				GCC_NO_COMMON_BLOCKS = YES;
				GCC_WARN_64_TO_32_BIT_CONVERSION = YES;
				GCC_WARN_ABOUT_RETURN_TYPE = YES_ERROR;
				GCC_WARN_UNDECLARED_SELECTOR = YES;
				GCC_WARN_UNINITIALIZED_AUTOS = YES_AGGRESSIVE;
				GCC_WARN_UNUSED_FUNCTION = YES;
				GCC_WARN_UNUSED_VARIABLE = YES;
				IPHONEOS_DEPLOYMENT_TARGET = 11.0;
				MTL_ENABLE_DEBUG_INFO = NO;
				SDKROOT = iphoneos;
				SWIFT_OPTIMIZATION_LEVEL = "-Owholemodule";
				VALIDATE_PRODUCT = YES;
			};
			name = Release;
		};
		4CA1D2A21FA3CBAD00A4CC30 /* Debug */ = {
			isa = XCBuildConfiguration;
			buildSettings = {
				ASSETCATALOG_COMPILER_APPICON_NAME = AppIcon;
				CODE_SIGN_STYLE = Automatic;
				DEVELOPMENT_TEAM = 3PQF87SAEW;
				INFOPLIST_FILE = PlaySounds/Info.plist;
				IPHONEOS_DEPLOYMENT_TARGET = 10.3;
				LD_RUNPATH_SEARCH_PATHS = "$(inherited) @executable_path/Frameworks";
				PRODUCT_BUNDLE_IDENTIFIER = net.byteslinger.PlaySounds;
				PRODUCT_NAME = "$(TARGET_NAME)";
				SWIFT_VERSION = 4.0;
				TARGETED_DEVICE_FAMILY = "1,2";
			};
			name = Debug;
		};
		4CA1D2A31FA3CBAD00A4CC30 /* Release */ = {
			isa = XCBuildConfiguration;
			buildSettings = {
				ASSETCATALOG_COMPILER_APPICON_NAME = AppIcon;
				CODE_SIGN_STYLE = Automatic;
				DEVELOPMENT_TEAM = 3PQF87SAEW;
				INFOPLIST_FILE = PlaySounds/Info.plist;
				IPHONEOS_DEPLOYMENT_TARGET = 10.3;
				LD_RUNPATH_SEARCH_PATHS = "$(inherited) @executable_path/Frameworks";
				PRODUCT_BUNDLE_IDENTIFIER = net.byteslinger.PlaySounds;
				PRODUCT_NAME = "$(TARGET_NAME)";
				SWIFT_VERSION = 4.0;
				TARGETED_DEVICE_FAMILY = "1,2";
			};
			name = Release;
		};
/* End XCBuildConfiguration section */

/* Begin XCConfigurationList section */
		4CA1D2871FA3CBAD00A4CC30 /* Build configuration list for PBXProject "PlaySounds" */ = {
			isa = XCConfigurationList;
			buildConfigurations = (
				4CA1D29F1FA3CBAD00A4CC30 /* Debug */,
				4CA1D2A01FA3CBAD00A4CC30 /* Release */,
			);
			defaultConfigurationIsVisible = 0;
			defaultConfigurationName = Release;
		};
		4CA1D2A11FA3CBAD00A4CC30 /* Build configuration list for PBXNativeTarget "PlaySounds" */ = {
			isa = XCConfigurationList;
			buildConfigurations = (
				4CA1D2A21FA3CBAD00A4CC30 /* Debug */,
				4CA1D2A31FA3CBAD00A4CC30 /* Release */,
			);
			defaultConfigurationIsVisible = 0;
			defaultConfigurationName = Release;
		};
/* End XCConfigurationList section */

/* Begin XCVersionGroup section */
		4CA1D2961FA3CBAD00A4CC30 /* PlaySounds.xcdatamodeld */ = {
			isa = XCVersionGroup;
			children = (
				4CA1D2971FA3CBAD00A4CC30 /* PlaySounds.xcdatamodel */,
			);
			currentVersion = 4CA1D2971FA3CBAD00A4CC30 /* PlaySounds.xcdatamodel */;
			path = PlaySounds.xcdatamodeld;
			sourceTree = "<group>";
			versionGroupType = wrapper.xcdatamodel;
		};
/* End XCVersionGroup section */
	};
	rootObject = 4CA1D2841FA3CBAD00A4CC30 /* Project object */;
}
